
Microsoft Visual Studio Solution File, Format Version 12.00
# Visual Studio 15
VisualStudioVersion = 15.0.28307.168
MinimumVisualStudioVersion = 10.0.40219.1
Project("{8BC9CEB8-8B4A-11D0-8D11-00A0C91BC942}") = "DigitClassifier", "DigitClassifier\DigitClassifier.vcxproj", "{B109AA45-2F74-45DB-967A-D66EF0985EEC}"
EndProject
Global
	GlobalSection(SolutionConfigurationPlatforms) = preSolution
		Debug|x64 = Debug|x64
		Debug|x86 = Debug|x86
		Release|x64 = Release|x64
		Release|x86 = Release|x86
	EndGlobalSection
	GlobalSection(ProjectConfigurationPlatforms) = postSolution
		{B109AA45-2F74-45DB-967A-D66EF0985EEC}.Debug|x64.ActiveCfg = Debug|x64
		{B109AA45-2F74-45DB-967A-D66EF0985EEC}.Debug|x64.Build.0 = Debug|x64
		{B109AA45-2F74-45DB-967A-D66EF0985EEC}.Debug|x86.ActiveCfg = Debug|Win32
		{B109AA45-2F74-45DB-967A-D66EF0985EEC}.Debug|x86.Build.0 = Debug|Win32
		{B109AA45-2F74-45DB-967A-D66EF0985EEC}.Release|x64.ActiveCfg = Release|x64
		{B109AA45-2F74-45DB-967A-D66EF0985EEC}.Release|x64.Build.0 = Release|x64
		{B109AA45-2F74-45DB-967A-D66EF0985EEC}.Release|x86.ActiveCfg = Release|Win32
		{B109AA45-2F74-45DB-967A-D66EF0985EEC}.Release|x86.Build.0 = Release|Win32
	EndGlobalSection
	GlobalSection(SolutionProperties) = preSolution
		HideSolutionNode = FALSE
	EndGlobalSection
	GlobalSection(ExtensibilityGlobals) = postSolution
		SolutionGuid = {00817192-1DC0-4EE3-86CE-E6D8190EB0B0}
	EndGlobalSection
EndGlobal
